
Microsoft Visual Studio Solution File, Format Version 12.00
# Visual Studio Version 17
VisualStudioVersion = 17.5.33530.505
MinimumVisualStudioVersion = 10.0.40219.1
Project("{FAE04EC0-301F-11D3-BF4B-00C04F79EFBC}") = "KingHandler", "KingHandler.csproj", "{2FE26BD1-37ED-42FD-B2D5-55BF32E91DF0}"
EndProject
Global
	GlobalSection(SolutionConfigurationPlatforms) = preSolution
		Debug|Any CPU = Debug|Any CPU
		Release|Any CPU = Release|Any CPU
	EndGlobalSection
	GlobalSection(ProjectConfigurationPlatforms) = postSolution
		{2FE26BD1-37ED-42FD-B2D5-55BF32E91DF0}.Debug|Any CPU.ActiveCfg = Debug|Any CPU
		{2FE26BD1-37ED-42FD-B2D5-55BF32E91DF0}.Debug|Any CPU.Build.0 = Debug|Any CPU
		{2FE26BD1-37ED-42FD-B2D5-55BF32E91DF0}.Release|Any CPU.ActiveCfg = Release|Any CPU
		{2FE26BD1-37ED-42FD-B2D5-55BF32E91DF0}.Release|Any CPU.Build.0 = Release|Any CPU
	EndGlobalSection
	GlobalSection(SolutionProperties) = preSolution
		HideSolutionNode = FALSE
	EndGlobalSection
	GlobalSection(ExtensibilityGlobals) = postSolution
		SolutionGuid = {3A876DA6-D7F8-43A9-A452-A45C29A7F1E4}
	EndGlobalSection
EndGlobal
